{
  "requires": true,
  "lockfileVersion": 1,
  "dependencies": {
    "@reach/auto-id": {
      "version": "0.11.2",
      "resolved": "https://registry.npmjs.org/@reach/auto-id/-/auto-id-0.11.2.tgz",
      "integrity": "sha512-YZ21b0Kb88wJ0t7QjSznWOYskARQMnmXY9Y2XZ5RyYcZ2krT4s3+ghghpfaPs6BKcrZDonZCrU65OFDJPa1jAw==",
      "requires": {
        "@reach/utils": "0.11.2",
        "tslib": "^2.0.0"
      }
    },
    "@reach/descendants": {
      "version": "0.11.2",
      "resolved": "https://registry.npmjs.org/@reach/descendants/-/descendants-0.11.2.tgz",
      "integrity": "sha512-63Wdx32/RyjGRJc4UZKK7F1sIrb6jeGkDwvQH0hv0lRAhEjsiSQ1t2JTYDml3testFP48J0B2xS7JzNeY0zoQw==",
      "requires": {
        "@reach/utils": "0.11.2",
        "tslib": "^2.0.0"
      }
    },
    "@reach/listbox": {
      "version": "0.11.2",
      "resolved": "https://registry.npmjs.org/@reach/listbox/-/listbox-0.11.2.tgz",
      "integrity": "sha512-m/roUli2fEhP1CmM/qjxQZb8O3XCZzEBxKIh6m7jmVlakFyq2bVLcP8yW1mBbTGUHInhbU1cyP5FKT3CKrJGfg==",
      "requires": {
        "@reach/auto-id": "0.11.2",
        "@reach/descendants": "0.11.2",
        "@reach/machine": "0.11.2",
        "@reach/popover": "0.11.2",
        "@reach/utils": "0.11.2",
        "prop-types": "^15.7.2"
      }
    },
    "@reach/machine": {
      "version": "0.11.2",
      "resolved": "https://registry.npmjs.org/@reach/machine/-/machine-0.11.2.tgz",
      "integrity": "sha512-jWf1M1jPXqMuH+ayse4XlsGn5DeEpOwYvFgNFh59BG0Bt/XXKpona1c80Y/GoW4wGmJQCGjYD5nKFKCxbKvrbg==",
      "requires": {
        "@reach/utils": "0.11.2",
        "@xstate/fsm": "1.4.0",
        "tslib": "^2.0.0"
      }
    },
    "@reach/observe-rect": {
      "version": "1.2.0",
      "resolved": "https://registry.npmjs.org/@reach/observe-rect/-/observe-rect-1.2.0.tgz",
      "integrity": "sha512-Ba7HmkFgfQxZqqaeIWWkNK0rEhpxVQHIoVyW1YDSkGsGIXzcaW4deC8B0pZrNSSyLTdIk7y+5olKt5+g0GmFIQ=="
    },
    "@reach/popover": {
      "version": "0.11.2",
      "resolved": "https://registry.npmjs.org/@reach/popover/-/popover-0.11.2.tgz",
      "integrity": "sha512-fB5lScg7Sfu3k0c+bjX7QbnFOJ1nsCWYGvrH1M9qlQolWM6gSJcD+ANnEHIb/wF85zuxzgdxZY5bjTj0RZc6Lg==",
      "requires": {
        "@reach/portal": "0.11.2",
        "@reach/rect": "0.11.2",
        "@reach/utils": "0.11.2",
        "tabbable": "^4.0.0",
        "tslib": "^2.0.0"
      }
    },
    "@reach/portal": {
      "version": "0.11.2",
      "resolved": "https://registry.npmjs.org/@reach/portal/-/portal-0.11.2.tgz",
      "integrity": "sha512-/53A/rY5oX2Y7D5TpvsP+V5cSd+4MPY6f21mAmVn4DCVwpkCFOlJ059ZL7ixS85M0Jz48YQnnvBJUqwkxqUG/g==",
      "requires": {
        "@reach/utils": "0.11.2",
        "tslib": "^2.0.0"
      }
    },
    "@reach/rect": {
      "version": "0.11.2",
      "resolved": "https://registry.npmjs.org/@reach/rect/-/rect-0.11.2.tgz",
      "integrity": "sha512-eoUWayAADi1ITtrc+8jN9NsBTUkfpORkOs5bQb4RnR6UA/3zlxo5VPuxWgWAG0BCohZlqsxg7NpvckNAyaiAAQ==",
      "requires": {
        "@reach/observe-rect": "1.2.0",
        "@reach/utils": "0.11.2",
        "prop-types": "^15.7.2",
        "tslib": "^2.0.0"
      }
    },
    "@reach/utils": {
      "version": "0.11.2",
      "resolved": "https://registry.npmjs.org/@reach/utils/-/utils-0.11.2.tgz",
      "integrity": "sha512-fBTolYj+rKTROXmf0zHO0rCWSvw7J0ALmYj5QxW4DmITMOH5uyRuWDWOfqohIGFbOtF/sum50WTB3tvx76d+Aw==",
      "requires": {
        "@types/warning": "^3.0.0",
        "tslib": "^2.0.0",
        "warning": "^4.0.3"
      }
    },
    "@types/warning": {
      "version": "3.0.0",
      "resolved": "https://registry.npmjs.org/@types/warning/-/warning-3.0.0.tgz",
      "integrity": "sha1-DSUBJorY+ZYrdA04fEZU9fjiPlI="
    },
    "@xstate/fsm": {
      "version": "1.4.0",
      "resolved": "https://registry.npmjs.org/@xstate/fsm/-/fsm-1.4.0.tgz",
      "integrity": "sha512-uTHDeu2xI5E1IFwf37JFQM31RrH7mY7877RqPBS4ZqSNUwoLDuct8AhBWaXGnVizBAYyimVwgCyGa9z/NiRhXA=="
    },
    "js-tokens": {
      "version": "4.0.0",
      "resolved": "https://registry.npmjs.org/js-tokens/-/js-tokens-4.0.0.tgz",
      "integrity": "sha512-RdJUflcE3cUzKiMqQgsCu06FPu9UdIJO0beYbPhHN4k6apgJtifcoCtT9bcxOpYBtpD2kCM6Sbzg4CausW/PKQ=="
    },
    "loose-envify": {
      "version": "1.4.0",
      "resolved": "https://registry.npmjs.org/loose-envify/-/loose-envify-1.4.0.tgz",
      "integrity": "sha512-lyuxPGr/Wfhrlem2CL/UcnUc1zcqKAImBDzukY7Y5F/yQiNdko6+fRLevlw1HgMySw7f611UIY408EtxRSoK3Q==",
      "requires": {
        "js-tokens": "^3.0.0 || ^4.0.0"
      }
    },
    "object-assign": {
      "version": "4.1.1",
      "resolved": "https://registry.npmjs.org/object-assign/-/object-assign-4.1.1.tgz",
      "integrity": "sha1-IQmtx5ZYh8/AXLvUQsrIv7s2CGM="
    },
    "prop-types": {
      "version": "15.7.2",
      "resolved": "https://registry.npmjs.org/prop-types/-/prop-types-15.7.2.tgz",
      "integrity": "sha512-8QQikdH7//R2vurIJSutZ1smHYTcLpRWEOlHnzcWHmBYrOGUysKwSsrC89BCiFj3CbrfJ/nXFdJepOVrY1GCHQ==",
      "requires": {
        "loose-envify": "^1.4.0",
        "object-assign": "^4.1.1",
        "react-is": "^16.8.1"
      }
    },
    "react-is": {
      "version": "16.13.1",
      "resolved": "https://registry.npmjs.org/react-is/-/react-is-16.13.1.tgz",
      "integrity": "sha512-24e6ynE2H+OKt4kqsOvNd8kBpV65zoxbA4BVsEOB3ARVWQki/DHzaUoC5KuON/BiccDaCCTZBuOcfZs70kR8bQ=="
    },
    "tabbable": {
      "version": "4.0.0",
      "resolved": "https://registry.npmjs.org/tabbable/-/tabbable-4.0.0.tgz",
      "integrity": "sha512-H1XoH1URcBOa/rZZWxLxHCtOdVUEev+9vo5YdYhC9tCY4wnybX+VQrCYuy9ubkg69fCBxCONJOSLGfw0DWMffQ=="
    },
    "tslib": {
      "version": "2.0.1",
      "resolved": "https://registry.npmjs.org/tslib/-/tslib-2.0.1.tgz",
      "integrity": "sha512-SgIkNheinmEBgx1IUNirK0TUD4X9yjjBRTqqjggWCU3pUEqIk3/Uwl3yRixYKT6WjQuGiwDv4NomL3wqRCj+CQ=="
    },
    "warning": {
      "version": "4.0.3",
      "resolved": "https://registry.npmjs.org/warning/-/warning-4.0.3.tgz",
      "integrity": "sha512-rpJyN222KWIvHJ/F53XSZv0Zl/accqHR8et1kpaMTD/fLCRxtV8iX8czMzY7sVZupTI3zcUTg8eycS2kNF9l6w==",
      "requires": {
        "loose-envify": "^1.0.0"
      }
    }
  }
}
